
Microsoft Visual Studio Solution File, Format Version 12.00
# Visual Studio 15
VisualStudioVersion = 15.0.27428.2002
MinimumVisualStudioVersion = 10.0.40219.1
Project("{FAE04EC0-301F-11D3-BF4B-00C04F79EFBC}") = "HighScoreApi", "HighScoreApi\HighScoreApi.csproj", "{079B5B7E-8977-4319-9DF7-059179547746}"
EndProject
Global
	GlobalSection(SolutionConfigurationPlatforms) = preSolution
		Debug|Any CPU = Debug|Any CPU
		Release|Any CPU = Release|Any CPU
	EndGlobalSection
	GlobalSection(ProjectConfigurationPlatforms) = postSolution
		{079B5B7E-8977-4319-9DF7-059179547746}.Debug|Any CPU.ActiveCfg = Debug|Any CPU
		{079B5B7E-8977-4319-9DF7-059179547746}.Debug|Any CPU.Build.0 = Debug|Any CPU
		{079B5B7E-8977-4319-9DF7-059179547746}.Release|Any CPU.ActiveCfg = Release|Any CPU
		{079B5B7E-8977-4319-9DF7-059179547746}.Release|Any CPU.Build.0 = Release|Any CPU
	EndGlobalSection
	GlobalSection(SolutionProperties) = preSolution
		HideSolutionNode = FALSE
	EndGlobalSection
	GlobalSection(ExtensibilityGlobals) = postSolution
		SolutionGuid = {CAEE879E-1744-4E9B-A12D-49197FE3AD07}
	EndGlobalSection
EndGlobal
